
Microsoft Visual Studio Solution File, Format Version 12.00
# Visual Studio 2013
VisualStudioVersion = 12.0.30723.0
MinimumVisualStudioVersion = 10.0.40219.1
Project("{FAE04EC0-301F-11D3-BF4B-00C04F79EFBC}") = "EnterpriseLibrary.Logging", "Library\EnterpriseLibrary.Logging.csproj", "{AE335207-792F-4E62-BF0B-32ECB0E2DEDC}"
EndProject
Project("{FAE04EC0-301F-11D3-BF4B-00C04F79EFBC}") = "EnterpriseLibrary.Configuration", "..\EnterpriseLibrary.Configuration\Library\EnterpriseLibrary.Configuration.csproj", "{E80757D1-54CE-4B52-9FDF-83F4E7CC54BB}"
EndProject
Global
	GlobalSection(TeamFoundationVersionControl) = preSolution
		SccNumberOfProjects = 3
		SccEnterpriseProvider = {4CA58AB2-18FA-4F8D-95D4-32DDF27D184C}
		SccTeamFoundationServer = http://dev-tfs1:8080/tfs/defaultcollection
		SccLocalPath0 = .
		SccProjectUniqueName1 = ..\\EnterpriseLibrary.Configuration\\Library\\EnterpriseLibrary.Configuration.csproj
		SccProjectName1 = ../EnterpriseLibrary.Configuration/Library
		SccLocalPath1 = ..\\EnterpriseLibrary.Configuration\\Library
		SccProjectUniqueName2 = Library\\EnterpriseLibrary.Logging.csproj
		SccProjectName2 = Library
		SccLocalPath2 = Library
	EndGlobalSection
	GlobalSection(SolutionConfigurationPlatforms) = preSolution
		Debug|Any CPU = Debug|Any CPU
		Release|Any CPU = Release|Any CPU
	EndGlobalSection
	GlobalSection(ProjectConfigurationPlatforms) = postSolution
		{AE335207-792F-4E62-BF0B-32ECB0E2DEDC}.Debug|Any CPU.ActiveCfg = Debug|Any CPU
		{AE335207-792F-4E62-BF0B-32ECB0E2DEDC}.Debug|Any CPU.Build.0 = Debug|Any CPU
		{AE335207-792F-4E62-BF0B-32ECB0E2DEDC}.Release|Any CPU.ActiveCfg = Release|Any CPU
		{AE335207-792F-4E62-BF0B-32ECB0E2DEDC}.Release|Any CPU.Build.0 = Release|Any CPU
		{E80757D1-54CE-4B52-9FDF-83F4E7CC54BB}.Debug|Any CPU.ActiveCfg = Debug|Any CPU
		{E80757D1-54CE-4B52-9FDF-83F4E7CC54BB}.Debug|Any CPU.Build.0 = Debug|Any CPU
		{E80757D1-54CE-4B52-9FDF-83F4E7CC54BB}.Release|Any CPU.ActiveCfg = Release|Any CPU
		{E80757D1-54CE-4B52-9FDF-83F4E7CC54BB}.Release|Any CPU.Build.0 = Release|Any CPU
	EndGlobalSection
	GlobalSection(SolutionProperties) = preSolution
		HideSolutionNode = FALSE
	EndGlobalSection
EndGlobal
